
Microsoft Visual Studio Solution File, Format Version 12.00
# Visual Studio Version 17
VisualStudioVersion = 17.3.32819.101
MinimumVisualStudioVersion = 10.0.40219.1
Project("{FAE04EC0-301F-11D3-BF4B-00C04F79EFBC}") = "MediDate", "MediDate\MediDate.csproj", "{10530CDE-37E9-4B96-BDB7-F9F144A24924}"
EndProject
Project("{FAE04EC0-301F-11D3-BF4B-00C04F79EFBC}") = "MediDate.Models", "MediDate.Models\MediDate.Models.csproj", "{3FF10473-E9E6-4E5D-B32D-2AAF40F6E727}"
EndProject
Global
	GlobalSection(SolutionConfigurationPlatforms) = preSolution
		Debug|Any CPU = Debug|Any CPU
		Release|Any CPU = Release|Any CPU
	EndGlobalSection
	GlobalSection(ProjectConfigurationPlatforms) = postSolution
		{10530CDE-37E9-4B96-BDB7-F9F144A24924}.Debug|Any CPU.ActiveCfg = Debug|Any CPU
		{10530CDE-37E9-4B96-BDB7-F9F144A24924}.Debug|Any CPU.Build.0 = Debug|Any CPU
		{10530CDE-37E9-4B96-BDB7-F9F144A24924}.Release|Any CPU.ActiveCfg = Release|Any CPU
		{10530CDE-37E9-4B96-BDB7-F9F144A24924}.Release|Any CPU.Build.0 = Release|Any CPU
		{3FF10473-E9E6-4E5D-B32D-2AAF40F6E727}.Debug|Any CPU.ActiveCfg = Debug|Any CPU
		{3FF10473-E9E6-4E5D-B32D-2AAF40F6E727}.Debug|Any CPU.Build.0 = Debug|Any CPU
		{3FF10473-E9E6-4E5D-B32D-2AAF40F6E727}.Release|Any CPU.ActiveCfg = Release|Any CPU
		{3FF10473-E9E6-4E5D-B32D-2AAF40F6E727}.Release|Any CPU.Build.0 = Release|Any CPU
	EndGlobalSection
	GlobalSection(SolutionProperties) = preSolution
		HideSolutionNode = FALSE
	EndGlobalSection
	GlobalSection(ExtensibilityGlobals) = postSolution
		SolutionGuid = {563056FC-2F64-44DF-8AA7-0BEA9A844383}
	EndGlobalSection
EndGlobal
